
Microsoft Visual Studio Solution File, Format Version 12.00
# Visual Studio 15
VisualStudioVersion = 15.0.28307.329
MinimumVisualStudioVersion = 10.0.40219.1
Project("{FAE04EC0-301F-11D3-BF4B-00C04F79EFBC}") = "Excel2ctt", "Excel2ctt\Excel2ctt.csproj", "{4120356A-5CB3-4519-85D8-2BB7550B1F1D}"
EndProject
Global
	GlobalSection(SolutionConfigurationPlatforms) = preSolution
		Debug|Any CPU = Debug|Any CPU
		Release|Any CPU = Release|Any CPU
	EndGlobalSection
	GlobalSection(ProjectConfigurationPlatforms) = postSolution
		{4120356A-5CB3-4519-85D8-2BB7550B1F1D}.Debug|Any CPU.ActiveCfg = Debug|Any CPU
		{4120356A-5CB3-4519-85D8-2BB7550B1F1D}.Debug|Any CPU.Build.0 = Debug|Any CPU
		{4120356A-5CB3-4519-85D8-2BB7550B1F1D}.Release|Any CPU.ActiveCfg = Release|Any CPU
		{4120356A-5CB3-4519-85D8-2BB7550B1F1D}.Release|Any CPU.Build.0 = Release|Any CPU
	EndGlobalSection
	GlobalSection(SolutionProperties) = preSolution
		HideSolutionNode = FALSE
	EndGlobalSection
	GlobalSection(ExtensibilityGlobals) = postSolution
		SolutionGuid = {8CB98371-38C4-4A1A-AD14-E7E8FDEBF86E}
	EndGlobalSection
EndGlobal
